// !$*UTF8*$!
{
	archiveVersion = 1;
	classes = {
	};
	objectVersion = 50;
	objects = {

/* Begin PBXBuildFile section */
		FCBD9D9021F8B7C7008BF2F1 /* AppDelegate.swift in Sources */ = {isa = PBXBuildFile; fileRef = FCBD9D8F21F8B7C7008BF2F1 /* AppDelegate.swift */; };
		FCBD9D9221F8B7C7008BF2F1 /* ViewController.swift in Sources */ = {isa = PBXBuildFile; fileRef = FCBD9D9121F8B7C7008BF2F1 /* ViewController.swift */; };
		FCBD9D9521F8B7C7008BF2F1 /* Main.storyboard in Resources */ = {isa = PBXBuildFile; fileRef = FCBD9D9321F8B7C7008BF2F1 /* Main.storyboard */; };
		FCBD9D9721F8B7CB008BF2F1 /* Assets.xcassets in Resources */ = {isa = PBXBuildFile; fileRef = FCBD9D9621F8B7CB008BF2F1 /* Assets.xcassets */; };
		FCBD9D9A21F8B7CB008BF2F1 /* LaunchScreen.storyboard in Resources */ = {isa = PBXBuildFile; fileRef = FCBD9D9821F8B7CB008BF2F1 /* LaunchScreen.storyboard */; };
/* End PBXBuildFile section */

/* Begin PBXFileReference section */
		FCBD9D8C21F8B7C7008BF2F1 /* triomino.app */ = {isa = PBXFileReference; explicitFileType = wrapper.application; includeInIndex = 0; path = triomino.app; sourceTree = BUILT_PRODUCTS_DIR; };
		FCBD9D8F21F8B7C7008BF2F1 /* AppDelegate.swift */ = {isa = PBXFileReference; lastKnownFileType = sourcecode.swift; path = AppDelegate.swift; sourceTree = "<group>"; };
		FCBD9D9121F8B7C7008BF2F1 /* ViewController.swift */ = {isa = PBXFileReference; lastKnownFileType = sourcecode.swift; path = ViewController.swift; sourceTree = "<group>"; };
		FCBD9D9421F8B7C7008BF2F1 /* Base */ = {isa = PBXFileReference; lastKnownFileType = file.storyboard; name = Base; path = Base.lproj/Main.storyboard; sourceTree = "<group>"; };
		FCBD9D9621F8B7CB008BF2F1 /* Assets.xcassets */ = {isa = PBXFileReference; lastKnownFileType = folder.assetcatalog; path = Assets.xcassets; sourceTree = "<group>"; };
		FCBD9D9921F8B7CB008BF2F1 /* Base */ = {isa = PBXFileReference; lastKnownFileType = file.storyboard; name = Base; path = Base.lproj/LaunchScreen.storyboard; sourceTree = "<group>"; };
		FCBD9D9B21F8B7CB008BF2F1 /* Info.plist */ = {isa = PBXFileReference; lastKnownFileType = text.plist.xml; path = Info.plist; sourceTree = "<group>"; };
/* End PBXFileReference section */

/* Begin PBXFrameworksBuildPhase section */
		FCBD9D8921F8B7C7008BF2F1 /* Frameworks */ = {
			isa = PBXFrameworksBuildPhase;
			buildActionMask = 2147483647;
			files = (
			);
			runOnlyForDeploymentPostprocessing = 0;
		};
/* End PBXFrameworksBuildPhase section */

/* Begin PBXGroup section */
		FCBD9D8321F8B7C7008BF2F1 = {
			isa = PBXGroup;
			children = (
				FCBD9D8E21F8B7C7008BF2F1 /* triomino */,
				FCBD9D8D21F8B7C7008BF2F1 /* Products */,
			);
			sourceTree = "<group>";
		};
		FCBD9D8D21F8B7C7008BF2F1 /* Products */ = {
			isa = PBXGroup;
			children = (
				FCBD9D8C21F8B7C7008BF2F1 /* triomino.app */,
			);
			name = Products;
			sourceTree = "<group>";
		};
		FCBD9D8E21F8B7C7008BF2F1 /* triomino */ = {
			isa = PBXGroup;
			children = (
				FCBD9D8F21F8B7C7008BF2F1 /* AppDelegate.swift */,
				FCBD9D9121F8B7C7008BF2F1 /* ViewController.swift */,
				FCBD9D9321F8B7C7008BF2F1 /* Main.storyboard */,
				FCBD9D9621F8B7CB008BF2F1 /* Assets.xcassets */,
				FCBD9D9821F8B7CB008BF2F1 /* LaunchScreen.storyboard */,
				FCBD9D9B21F8B7CB008BF2F1 /* Info.plist */,
			);
			path = triomino;
			sourceTree = "<group>";
		};
/* End PBXGroup section */

/* Begin PBXNativeTarget section */
		FCBD9D8B21F8B7C7008BF2F1 /* triomino */ = {
			isa = PBXNativeTarget;
			buildConfigurationList = FCBD9D9E21F8B7CB008BF2F1 /* Build configuration list for PBXNativeTarget "triomino" */;
			buildPhases = (
				FCBD9D8821F8B7C7008BF2F1 /* Sources */,
				FCBD9D8921F8B7C7008BF2F1 /* Frameworks */,
				FCBD9D8A21F8B7C7008BF2F1 /* Resources */,
			);
			buildRules = (
			);
			dependencies = (
			);
			name = triomino;
			productName = triomino;
			productReference = FCBD9D8C21F8B7C7008BF2F1 /* triomino.app */;
			productType = "com.apple.product-type.application";
		};
/* End PBXNativeTarget section */

/* Begin PBXProject section */
		FCBD9D8421F8B7C7008BF2F1 /* Project object */ = {
			isa = PBXProject;
			attributes = {
				LastSwiftUpdateCheck = 1010;
				LastUpgradeCheck = 1010;
				ORGANIZATIONNAME = "Networked Hells";
				TargetAttributes = {
					FCBD9D8B21F8B7C7008BF2F1 = {
						CreatedOnToolsVersion = 10.1;
					};
				};
			};
			buildConfigurationList = FCBD9D8721F8B7C7008BF2F1 /* Build configuration list for PBXProject "triomino" */;
			compatibilityVersion = "Xcode 9.3";
			developmentRegion = en;
			hasScannedForEncodings = 0;
			knownRegions = (
				en,
				Base,
			);
			mainGroup = FCBD9D8321F8B7C7008BF2F1;
			productRefGroup = FCBD9D8D21F8B7C7008BF2F1 /* Products */;
			projectDirPath = "";
			projectRoot = "";
			targets = (
				FCBD9D8B21F8B7C7008BF2F1 /* triomino */,
			);
		};
/* End PBXProject section */

/* Begin PBXResourcesBuildPhase section */
		FCBD9D8A21F8B7C7008BF2F1 /* Resources */ = {
			isa = PBXResourcesBuildPhase;
			buildActionMask = 2147483647;
			files = (
				FCBD9D9A21F8B7CB008BF2F1 /* LaunchScreen.storyboard in Resources */,
				FCBD9D9721F8B7CB008BF2F1 /* Assets.xcassets in Resources */,
				FCBD9D9521F8B7C7008BF2F1 /* Main.storyboard in Resources */,
			);
			runOnlyForDeploymentPostprocessing = 0;
		};
/* End PBXResourcesBuildPhase section */

/* Begin PBXSourcesBuildPhase section */
		FCBD9D8821F8B7C7008BF2F1 /* Sources */ = {
			isa = PBXSourcesBuildPhase;
			buildActionMask = 2147483647;
			files = (
				FCBD9D9221F8B7C7008BF2F1 /* ViewController.swift in Sources */,
				FCBD9D9021F8B7C7008BF2F1 /* AppDelegate.swift in Sources */,
			);
			runOnlyForDeploymentPostprocessing = 0;
		};
/* End PBXSourcesBuildPhase section */

/* Begin PBXVariantGroup section */
		FCBD9D9321F8B7C7008BF2F1 /* Main.storyboard */ = {
			isa = PBXVariantGroup;
			children = (
				FCBD9D9421F8B7C7008BF2F1 /* Base */,
			);
			name = Main.storyboard;
			sourceTree = "<group>";
		};
		FCBD9D9821F8B7CB008BF2F1 /* LaunchScreen.storyboard */ = {
			isa = PBXVariantGroup;
			children = (
				FCBD9D9921F8B7CB008BF2F1 /* Base */,
			);
			name = LaunchScreen.storyboard;
			sourceTree = "<group>";
		};
/* End PBXVariantGroup section */

/* Begin XCBuildConfiguration section */
		FCBD9D9C21F8B7CB008BF2F1 /* Debug */ = {
			isa = XCBuildConfiguration;
			buildSettings = {
				ALWAYS_SEARCH_USER_PATHS = NO;
				CLANG_ANALYZER_NONNULL = YES;
				CLANG_ANALYZER_NUMBER_OBJECT_CONVERSION = YES_AGGRESSIVE;
				CLANG_CXX_LANGUAGE_STANDARD = "gnu++14";
				CLANG_CXX_LIBRARY = "libc++";
				CLANG_ENABLE_MODULES = YES;
				CLANG_ENABLE_OBJC_ARC = YES;
				CLANG_ENABLE_OBJC_WEAK = YES;
				CLANG_WARN_BLOCK_CAPTURE_AUTORELEASING = YES;
				CLANG_WARN_BOOL_CONVERSION = YES;
				CLANG_WARN_COMMA = YES;
				CLANG_WARN_CONSTANT_CONVERSION = YES;
				CLANG_WARN_DEPRECATED_OBJC_IMPLEMENTATIONS = YES;
				CLANG_WARN_DIRECT_OBJC_ISA_USAGE = YES_ERROR;
				CLANG_WARN_DOCUMENTATION_COMMENTS = YES;
				CLANG_WARN_EMPTY_BODY = YES;
				CLANG_WARN_ENUM_CONVERSION = YES;
				CLANG_WARN_INFINITE_RECURSION = YES;
				CLANG_WARN_INT_CONVERSION = YES;
				CLANG_WARN_NON_LITERAL_NULL_CONVERSION = YES;
				CLANG_WARN_OBJC_IMPLICIT_RETAIN_SELF = YES;
				CLANG_WARN_OBJC_LITERAL_CONVERSION = YES;
				CLANG_WARN_OBJC_ROOT_CLASS = YES_ERROR;
				CLANG_WARN_RANGE_LOOP_ANALYSIS = YES;
				CLANG_WARN_STRICT_PROTOTYPES = YES;
				CLANG_WARN_SUSPICIOUS_MOVE = YES;
				CLANG_WARN_UNGUARDED_AVAILABILITY = YES_AGGRESSIVE;
				CLANG_WARN_UNREACHABLE_CODE = YES;
				CLANG_WARN__DUPLICATE_METHOD_MATCH = YES;
				CODE_SIGN_IDENTITY = "iPhone Developer";
				COPY_PHASE_STRIP = NO;
				DEBUG_INFORMATION_FORMAT = dwarf;
				ENABLE_STRICT_OBJC_MSGSEND = YES;
				ENABLE_TESTABILITY = YES;
				GCC_C_LANGUAGE_STANDARD = gnu11;
				GCC_DYNAMIC_NO_PIC = NO;
				GCC_NO_COMMON_BLOCKS = YES;
				GCC_OPTIMIZATION_LEVEL = 0;
				GCC_PREPROCESSOR_DEFINITIONS = (
					"DEBUG=1",
					"$(inherited)",
				);
				GCC_WARN_64_TO_32_BIT_CONVERSION = YES;
				GCC_WARN_ABOUT_RETURN_TYPE = YES_ERROR;
				GCC_WARN_UNDECLARED_SELECTOR = YES;
				GCC_WARN_UNINITIALIZED_AUTOS = YES_AGGRESSIVE;
				GCC_WARN_UNUSED_FUNCTION = YES;
				GCC_WARN_UNUSED_VARIABLE = YES;
				IPHONEOS_DEPLOYMENT_TARGET = 12.1;
				MTL_ENABLE_DEBUG_INFO = INCLUDE_SOURCE;
				MTL_FAST_MATH = YES;
				ONLY_ACTIVE_ARCH = YES;
				SDKROOT = iphoneos;
				SWIFT_ACTIVE_COMPILATION_CONDITIONS = DEBUG;
				SWIFT_OPTIMIZATION_LEVEL = "-Onone";
			};
			name = Debug;
		};
		FCBD9D9D21F8B7CB008BF2F1 /* Release */ = {
			isa = XCBuildConfiguration;
			buildSettings = {
				ALWAYS_SEARCH_USER_PATHS = NO;
				CLANG_ANALYZER_NONNULL = YES;
				CLANG_ANALYZER_NUMBER_OBJECT_CONVERSION = YES_AGGRESSIVE;
				CLANG_CXX_LANGUAGE_STANDARD = "gnu++14";
				CLANG_CXX_LIBRARY = "libc++";
				CLANG_ENABLE_MODULES = YES;
				CLANG_ENABLE_OBJC_ARC = YES;
				CLANG_ENABLE_OBJC_WEAK = YES;
				CLANG_WARN_BLOCK_CAPTURE_AUTORELEASING = YES;
				CLANG_WARN_BOOL_CONVERSION = YES;
				CLANG_WARN_COMMA = YES;
				CLANG_WARN_CONSTANT_CONVERSION = YES;
				CLANG_WARN_DEPRECATED_OBJC_IMPLEMENTATIONS = YES;
				CLANG_WARN_DIRECT_OBJC_ISA_USAGE = YES_ERROR;
				CLANG_WARN_DOCUMENTATION_COMMENTS = YES;
				CLANG_WARN_EMPTY_BODY = YES;
				CLANG_WARN_ENUM_CONVERSION = YES;
				CLANG_WARN_INFINITE_RECURSION = YES;
				CLANG_WARN_INT_CONVERSION = YES;
				CLANG_WARN_NON_LITERAL_NULL_CONVERSION = YES;
				CLANG_WARN_OBJC_IMPLICIT_RETAIN_SELF = YES;
				CLANG_WARN_OBJC_LITERAL_CONVERSION = YES;
				CLANG_WARN_OBJC_ROOT_CLASS = YES_ERROR;
				CLANG_WARN_RANGE_LOOP_ANALYSIS = YES;
				CLANG_WARN_STRICT_PROTOTYPES = YES;
				CLANG_WARN_SUSPICIOUS_MOVE = YES;
				CLANG_WARN_UNGUARDED_AVAILABILITY = YES_AGGRESSIVE;
				CLANG_WARN_UNREACHABLE_CODE = YES;
				CLANG_WARN__DUPLICATE_METHOD_MATCH = YES;
				CODE_SIGN_IDENTITY = "iPhone Developer";
				COPY_PHASE_STRIP = NO;
				DEBUG_INFORMATION_FORMAT = "dwarf-with-dsym";
				ENABLE_NS_ASSERTIONS = NO;
				ENABLE_STRICT_OBJC_MSGSEND = YES;
				GCC_C_LANGUAGE_STANDARD = gnu11;
				GCC_NO_COMMON_BLOCKS = YES;
				GCC_WARN_64_TO_32_BIT_CONVERSION = YES;
				GCC_WARN_ABOUT_RETURN_TYPE = YES_ERROR;
				GCC_WARN_UNDECLARED_SELECTOR = YES;
				GCC_WARN_UNINITIALIZED_AUTOS = YES_AGGRESSIVE;
				GCC_WARN_UNUSED_FUNCTION = YES;
				GCC_WARN_UNUSED_VARIABLE = YES;
				IPHONEOS_DEPLOYMENT_TARGET = 12.1;
				MTL_ENABLE_DEBUG_INFO = NO;
				MTL_FAST_MATH = YES;
				SDKROOT = iphoneos;
				SWIFT_COMPILATION_MODE = wholemodule;
				SWIFT_OPTIMIZATION_LEVEL = "-O";
				VALIDATE_PRODUCT = YES;
			};
			name = Release;
		};
		FCBD9D9F21F8B7CB008BF2F1 /* Debug */ = {
			isa = XCBuildConfiguration;
			buildSettings = {
				ASSETCATALOG_COMPILER_APPICON_NAME = AppIcon;
				CODE_SIGN_STYLE = Automatic;
				DEVELOPMENT_TEAM = 8G9A2V5Z8U;
				INFOPLIST_FILE = triomino/Info.plist;
				LD_RUNPATH_SEARCH_PATHS = (
					"$(inherited)",
					"@executable_path/Frameworks",
				);
				PRODUCT_BUNDLE_IDENTIFIER = "com.networked-hells.triomino";
				PRODUCT_NAME = "$(TARGET_NAME)";
				SWIFT_VERSION = 4.2;
				TARGETED_DEVICE_FAMILY = "1,2";
			};
			name = Debug;
		};
		FCBD9DA021F8B7CB008BF2F1 /* Release */ = {
			isa = XCBuildConfiguration;
			buildSettings = {
				ASSETCATALOG_COMPILER_APPICON_NAME = AppIcon;
				CODE_SIGN_STYLE = Automatic;
				DEVELOPMENT_TEAM = 8G9A2V5Z8U;
				INFOPLIST_FILE = triomino/Info.plist;
				LD_RUNPATH_SEARCH_PATHS = (
					"$(inherited)",
					"@executable_path/Frameworks",
				);
				PRODUCT_BUNDLE_IDENTIFIER = "com.networked-hells.triomino";
				PRODUCT_NAME = "$(TARGET_NAME)";
				SWIFT_VERSION = 4.2;
				TARGETED_DEVICE_FAMILY = "1,2";
			};
			name = Release;
		};
/* End XCBuildConfiguration section */

/* Begin XCConfigurationList section */
		FCBD9D8721F8B7C7008BF2F1 /* Build configuration list for PBXProject "triomino" */ = {
			isa = XCConfigurationList;
			buildConfigurations = (
				FCBD9D9C21F8B7CB008BF2F1 /* Debug */,
				FCBD9D9D21F8B7CB008BF2F1 /* Release */,
			);
			defaultConfigurationIsVisible = 0;
			defaultConfigurationName = Release;
		};
		FCBD9D9E21F8B7CB008BF2F1 /* Build configuration list for PBXNativeTarget "triomino" */ = {
			isa = XCConfigurationList;
			buildConfigurations = (
				FCBD9D9F21F8B7CB008BF2F1 /* Debug */,
				FCBD9DA021F8B7CB008BF2F1 /* Release */,
			);
			defaultConfigurationIsVisible = 0;
			defaultConfigurationName = Release;
		};
/* End XCConfigurationList section */
	};
	rootObject = FCBD9D8421F8B7C7008BF2F1 /* Project object */;
}
